# This file was autogenerated by Stack.
# You should not edit this file by hand.
# For more information, please see the documentation at:
#   https://docs.haskellstack.org/en/stable/lock_files

packages:
- completed:
    hackage: random-fu-0.2.7.7@sha256:55c62bc8e7a2970d4706f50b391559594ef1a8b5e71c0fbd2c9e30d5adafb9ab,4612
    pantry-tree:
      size: 2455
      sha256: 176dbae2762bd8be0de0e2ce2b0f30904d2578b6278e2f14652881f80641cf9b
  original:
    hackage: random-fu-0.2.7.7@sha256:55c62bc8e7a2970d4706f50b391559594ef1a8b5e71c0fbd2c9e30d5adafb9ab,4612
- completed:
    hackage: random-source-0.3.0.11@sha256:f78e361474d648fb0e0112d895c3a4bca80b1e565b778d763d59614270e8779c,3132
    pantry-tree:
      size: 966
      sha256: b33f2ee09702afd16ef3405120527ba8f3e495c20495bf5767a6da7075b04346
  original:
    hackage: random-source-0.3.0.11@sha256:f78e361474d648fb0e0112d895c3a4bca80b1e565b778d763d59614270e8779c,3132
- completed:
    hackage: rvar-0.2.0.6@sha256:d07cbb734ec307539fb58d4344b2284a1a91f41c9308f437c27ae8bada2111bf,2317
    pantry-tree:
      size: 158
      sha256: 48f154bad9ac1cf15c8df874bb903ece2e0d1fe1703e144f31fa32bd776581c0
  original:
    hackage: rvar-0.2.0.6@sha256:d07cbb734ec307539fb58d4344b2284a1a91f41c9308f437c27ae8bada2111bf,2317
- completed:
    hackage: flexible-defaults-0.0.3@sha256:6a7ab000561e1075003cb1053dfbbb4020ae2b02916776d1479c9c3fc82f5d0d,2508
    pantry-tree:
      size: 497
      sha256: 53d8b98b9e899d63f7e464670e908f6eb22d8a5ba0b6ea48182fb810b426f0f8
  original:
    hackage: flexible-defaults-0.0.3@sha256:6a7ab000561e1075003cb1053dfbbb4020ae2b02916776d1479c9c3fc82f5d0d,2508
- completed:
    hackage: random-1.2.0@sha256:4321209c8faedc034810ea8ed0dbc4a36f1a1df97b75af024219f2f533da57de,6094
    pantry-tree:
      size: 1259
      sha256: 29ff0a7ec5bf123e2c40f849b7af163950854a6c08c68b4a1b4364ce7a515af0
  original:
    hackage: random-1.2.0@sha256:4321209c8faedc034810ea8ed0dbc4a36f1a1df97b75af024219f2f533da57de,6094
- completed:
    hackage: splitmix-0.1.0.3@sha256:fc3aae74c467f4b608050bef53aec17904a618731df9407e655d8f3bf8c32d5c,6049
    pantry-tree:
      size: 1400
      sha256: 8290f921f41c3628a6c9871502e57fd1d25f5954967afbf4ed16717fd8d3656f
  original:
    hackage: splitmix-0.1.0.3
snapshots:
- completed:
    size: 532835
    url: https://raw.githubusercontent.com/commercialhaskell/stackage-snapshots/master/lts/16/24.yaml
    sha256: cf2b52420b2262fe9cf0f6744929120131abd6675b1c3fb2d8b155a47f80d103
  original: lts-16.24
